
Microsoft Visual Studio Solution File, Format Version 12.00
Project("{FAE04EC0-301F-11D3-BF4B-00C04F79EFBC}") = "SharedSecretServer", "SharedSecretServer\SharedSecretServer.csproj", "{6A4FCA7D-76F6-4168-B7FE-71487AE62DC0}"
EndProject
Project("{FAE04EC0-301F-11D3-BF4B-00C04F79EFBC}") = "SharedSecretClient", "SharedSecretClient\SharedSecretClient.csproj", "{977EE0D9-37F2-45C4-81C1-304E6784659C}"
EndProject
Project("{FAE04EC0-301F-11D3-BF4B-00C04F79EFBC}") = "SharedSecret.Common", "SharedSecret.Common\SharedSecret.Common.csproj", "{45F957C1-1EA2-4AB4-BA23-BFAEBF8F4E60}"
EndProject
Project("{FAE04EC0-301F-11D3-BF4B-00C04F79EFBC}") = "SharedSecretSet", "SharedSecretSet\SharedSecretSet.csproj", "{AC93832C-4758-4153-9EB5-CBC3EE7831A3}"
EndProject
Global
	GlobalSection(SolutionConfigurationPlatforms) = preSolution
		Debug|Any CPU = Debug|Any CPU
		Release|Any CPU = Release|Any CPU
	EndGlobalSection
	GlobalSection(ProjectConfigurationPlatforms) = postSolution
		{6A4FCA7D-76F6-4168-B7FE-71487AE62DC0}.Debug|Any CPU.ActiveCfg = Debug|Any CPU
		{6A4FCA7D-76F6-4168-B7FE-71487AE62DC0}.Debug|Any CPU.Build.0 = Debug|Any CPU
		{6A4FCA7D-76F6-4168-B7FE-71487AE62DC0}.Release|Any CPU.ActiveCfg = Release|Any CPU
		{6A4FCA7D-76F6-4168-B7FE-71487AE62DC0}.Release|Any CPU.Build.0 = Release|Any CPU
		{977EE0D9-37F2-45C4-81C1-304E6784659C}.Debug|Any CPU.ActiveCfg = Debug|Any CPU
		{977EE0D9-37F2-45C4-81C1-304E6784659C}.Debug|Any CPU.Build.0 = Debug|Any CPU
		{977EE0D9-37F2-45C4-81C1-304E6784659C}.Release|Any CPU.ActiveCfg = Release|Any CPU
		{977EE0D9-37F2-45C4-81C1-304E6784659C}.Release|Any CPU.Build.0 = Release|Any CPU
		{45F957C1-1EA2-4AB4-BA23-BFAEBF8F4E60}.Debug|Any CPU.ActiveCfg = Debug|Any CPU
		{45F957C1-1EA2-4AB4-BA23-BFAEBF8F4E60}.Debug|Any CPU.Build.0 = Debug|Any CPU
		{45F957C1-1EA2-4AB4-BA23-BFAEBF8F4E60}.Release|Any CPU.ActiveCfg = Release|Any CPU
		{45F957C1-1EA2-4AB4-BA23-BFAEBF8F4E60}.Release|Any CPU.Build.0 = Release|Any CPU
		{AC93832C-4758-4153-9EB5-CBC3EE7831A3}.Debug|Any CPU.ActiveCfg = Debug|Any CPU
		{AC93832C-4758-4153-9EB5-CBC3EE7831A3}.Debug|Any CPU.Build.0 = Debug|Any CPU
		{AC93832C-4758-4153-9EB5-CBC3EE7831A3}.Release|Any CPU.ActiveCfg = Release|Any CPU
		{AC93832C-4758-4153-9EB5-CBC3EE7831A3}.Release|Any CPU.Build.0 = Release|Any CPU
	EndGlobalSection
EndGlobal
